# This file is automatically @generated by Cargo.
# It is not intended for manual editing.
version = 4

[[package]]
name = "hhm-contracts"
version = "0.1.0"

[[package]]
name = "hhm-intelligence"
version = "0.1.0"

[[package]]
name = "hhm-routing"
version = "0.1.0"
dependencies = [
 "hhm-contracts",
]
